
Microsoft Visual Studio Solution File, Format Version 12.00
# Visual Studio 15
VisualStudioVersion = 15.0.27102.0
MinimumVisualStudioVersion = 10.0.40219.1
Project("{FAE04EC0-301F-11D3-BF4B-00C04F79EFBC}") = "Mission.Pluto", "Mission.Pluto\Mission.Pluto.csproj", "{7FDF753E-C3EA-45F2-8E7D-B3CB1C9C7008}"
EndProject
Project("{FAE04EC0-301F-11D3-BF4B-00C04F79EFBC}") = "Mission.Pluto.UnitTests", "Mission.Pluto.UnitTests\Mission.Pluto.UnitTests.csproj", "{FB1C5836-F8A3-40C2-855D-D5EBDE974D39}"
EndProject
Global
	GlobalSection(SolutionConfigurationPlatforms) = preSolution
		Debug|Any CPU = Debug|Any CPU
		Release|Any CPU = Release|Any CPU
	EndGlobalSection
	GlobalSection(ProjectConfigurationPlatforms) = postSolution
		{7FDF753E-C3EA-45F2-8E7D-B3CB1C9C7008}.Debug|Any CPU.ActiveCfg = Debug|Any CPU
		{7FDF753E-C3EA-45F2-8E7D-B3CB1C9C7008}.Debug|Any CPU.Build.0 = Debug|Any CPU
		{7FDF753E-C3EA-45F2-8E7D-B3CB1C9C7008}.Release|Any CPU.ActiveCfg = Release|Any CPU
		{7FDF753E-C3EA-45F2-8E7D-B3CB1C9C7008}.Release|Any CPU.Build.0 = Release|Any CPU
		{FB1C5836-F8A3-40C2-855D-D5EBDE974D39}.Debug|Any CPU.ActiveCfg = Debug|Any CPU
		{FB1C5836-F8A3-40C2-855D-D5EBDE974D39}.Debug|Any CPU.Build.0 = Debug|Any CPU
		{FB1C5836-F8A3-40C2-855D-D5EBDE974D39}.Release|Any CPU.ActiveCfg = Release|Any CPU
		{FB1C5836-F8A3-40C2-855D-D5EBDE974D39}.Release|Any CPU.Build.0 = Release|Any CPU
	EndGlobalSection
	GlobalSection(SolutionProperties) = preSolution
		HideSolutionNode = FALSE
	EndGlobalSection
	GlobalSection(ExtensibilityGlobals) = postSolution
		SolutionGuid = {D80914EA-DD45-4B8A-BA0A-6B3A8B6A69EC}
	EndGlobalSection
EndGlobal
